{
  "version": 4,
  "terraform_version": "1.15.7",
  "serial": 3,
  "lineage": "49d47a2b-3d27-cf22-0532-f1b3f0c73e46",
  "outputs": {
    "internet_gateway_id": {
      "value": "igw-0ebd52c3667e7f0f5",
      "type": "string"
    },
    "vpc_id": {
      "value": "vpc-0995fd5fd9404a8d3",
      "type": "string"
    }
  },
  "resources": [
    {
      "mode": "managed",
      "type": "aws_internet_gateway",
      "name": "this",
      "provider": "provider[\"registry.terraform.io/hashicorp/aws\"]",
      "instances": [
        {
          "schema_version": 0,
          "attributes": {
            "arn": "arn:aws:ec2:us-east-1:913524941616:internet-gateway/igw-0ebd52c3667e7f0f5",
            "id": "igw-0ebd52c3667e7f0f5",
            "owner_id": "913524941616",
            "region": "us-east-1",
            "tags": {
              "Name": "nsse-vpc-internet-gateway"
            },
            "tags_all": {
              "Environment": "production",
              "Name": "nsse-vpc-internet-gateway",
              "Project": "nsse"
            },
            "timeouts": null,
            "vpc_id": "vpc-0995fd5fd9404a8d3"
          },
          "sensitive_attributes": [],
          "identity_schema_version": 0,
          "identity": {
            "account_id": "913524941616",
            "id": "igw-0ebd52c3667e7f0f5",
            "region": "us-east-1"
          },
          "private": "eyJlMmJmYjczMC1lY2FhLTExZTYtOGY4OC0zNDM2M2JjN2M0YzAiOnsiY3JlYXRlIjoxMjAwMDAwMDAwMDAwLCJkZWxldGUiOjEyMDAwMDAwMDAwMDAsInVwZGF0ZSI6MTIwMDAwMDAwMDAwMH19",
          "dependencies": [
            "aws_vpc.this"
          ]
        }
      ]
    },
    {
      "mode": "managed",
      "type": "aws_vpc",
      "name": "this",
      "provider": "provider[\"registry.terraform.io/hashicorp/aws\"]",
      "instances": [
        {
          "schema_version": 1,
          "attributes": {
            "arn": "arn:aws:ec2:us-east-1:913524941616:vpc/vpc-0995fd5fd9404a8d3",
            "assign_generated_ipv6_cidr_block": false,
            "cidr_block": "10.0.0.0/24",
            "default_network_acl_id": "acl-0c4ffe6a6b825dd74",
            "default_route_table_id": "rtb-0b6167a600b2512b4",
            "default_security_group_id": "sg-0fa49fc7ceb84a7fb",
            "dhcp_options_id": "dopt-071770562148b4ea5",
            "enable_dns_hostnames": false,
            "enable_dns_support": true,
            "enable_network_address_usage_metrics": false,
            "id": "vpc-0995fd5fd9404a8d3",
            "instance_tenancy": "default",
            "ipv4_ipam_pool_id": null,
            "ipv4_netmask_length": null,
            "ipv6_association_id": "",
            "ipv6_cidr_block": "",
            "ipv6_cidr_block_network_border_group": "",
            "ipv6_ipam_pool_id": "",
            "ipv6_netmask_length": 0,
            "main_route_table_id": "rtb-0b6167a600b2512b4",
            "owner_id": "913524941616",
            "region": "us-east-1",
            "tags": {
              "Name": "nsse-vpc"
            },
            "tags_all": {
              "Environment": "production",
              "Name": "nsse-vpc",
              "Project": "nsse"
            }
          },
          "sensitive_attributes": [],
          "identity_schema_version": 0,
          "identity": {
            "account_id": "913524941616",
            "id": "vpc-0995fd5fd9404a8d3",
            "region": "us-east-1"
          },
          "private": "eyJzY2hlbWFfdmVyc2lvbiI6IjEifQ=="
        }
      ]
    }
  ],
  "check_results": null
}
